
Microsoft Visual Studio Solution File, Format Version 12.00
# Visual Studio Version 17
VisualStudioVersion = 17.8.34511.84
MinimumVisualStudioVersion = 10.0.40219.1
Project("{FAE04EC0-301F-11D3-BF4B-00C04F79EFBC}") = "UrlShortenerWithoutOrleans", "UrlShortenerWithoutOrleans.csproj", "{301FAAB3-4930-4013-B27C-99D04CD9692D}"
EndProject
Global
	GlobalSection(SolutionConfigurationPlatforms) = preSolution
		Debug|Any CPU = Debug|Any CPU
		Release|Any CPU = Release|Any CPU
	EndGlobalSection
	GlobalSection(ProjectConfigurationPlatforms) = postSolution
		{301FAAB3-4930-4013-B27C-99D04CD9692D}.Debug|Any CPU.ActiveCfg = Debug|Any CPU
		{301FAAB3-4930-4013-B27C-99D04CD9692D}.Debug|Any CPU.Build.0 = Debug|Any CPU
		{301FAAB3-4930-4013-B27C-99D04CD9692D}.Release|Any CPU.ActiveCfg = Release|Any CPU
		{301FAAB3-4930-4013-B27C-99D04CD9692D}.Release|Any CPU.Build.0 = Release|Any CPU
	EndGlobalSection
	GlobalSection(SolutionProperties) = preSolution
		HideSolutionNode = FALSE
	EndGlobalSection
	GlobalSection(ExtensibilityGlobals) = postSolution
		SolutionGuid = {162FCB99-43A2-4FB6-9675-D62E4A66DACE}
	EndGlobalSection
EndGlobal
